
Microsoft Visual Studio Solution File, Format Version 12.00
# Visual Studio Version 16
VisualStudioVersion = 16.0.30011.22
MinimumVisualStudioVersion = 10.0.40219.1
Project("{FAE04EC0-301F-11D3-BF4B-00C04F79EFBC}") = "overridemethods", "overridemethods\overridemethods.csproj", "{0C24F6B2-8352-4B08-A035-534995052FC4}"
EndProject
Global
	GlobalSection(SolutionConfigurationPlatforms) = preSolution
		Debug|Any CPU = Debug|Any CPU
		Release|Any CPU = Release|Any CPU
	EndGlobalSection
	GlobalSection(ProjectConfigurationPlatforms) = postSolution
		{0C24F6B2-8352-4B08-A035-534995052FC4}.Debug|Any CPU.ActiveCfg = Debug|Any CPU
		{0C24F6B2-8352-4B08-A035-534995052FC4}.Debug|Any CPU.Build.0 = Debug|Any CPU
		{0C24F6B2-8352-4B08-A035-534995052FC4}.Release|Any CPU.ActiveCfg = Release|Any CPU
		{0C24F6B2-8352-4B08-A035-534995052FC4}.Release|Any CPU.Build.0 = Release|Any CPU
	EndGlobalSection
	GlobalSection(SolutionProperties) = preSolution
		HideSolutionNode = FALSE
	EndGlobalSection
	GlobalSection(ExtensibilityGlobals) = postSolution
		SolutionGuid = {F4366239-BF05-4E1B-A7EE-FFEB2B4B3970}
	EndGlobalSection
EndGlobal
